
Microsoft Visual Studio Solution File, Format Version 12.00
# Visual Studio Version 17
VisualStudioVersion = 17.8.34330.188
MinimumVisualStudioVersion = 10.0.40219.1
Project("{FAE04EC0-301F-11D3-BF4B-00C04F79EFBC}") = "CSharp12", "CSharp12\CSharp12.csproj", "{CA020782-F34D-4617-AC5F-7DEF3F12AF7E}"
EndProject
Global
	GlobalSection(SolutionConfigurationPlatforms) = preSolution
		Debug|Any CPU = Debug|Any CPU
		Release|Any CPU = Release|Any CPU
	EndGlobalSection
	GlobalSection(ProjectConfigurationPlatforms) = postSolution
		{CA020782-F34D-4617-AC5F-7DEF3F12AF7E}.Debug|Any CPU.ActiveCfg = Debug|Any CPU
		{CA020782-F34D-4617-AC5F-7DEF3F12AF7E}.Debug|Any CPU.Build.0 = Debug|Any CPU
		{CA020782-F34D-4617-AC5F-7DEF3F12AF7E}.Release|Any CPU.ActiveCfg = Release|Any CPU
		{CA020782-F34D-4617-AC5F-7DEF3F12AF7E}.Release|Any CPU.Build.0 = Release|Any CPU
	EndGlobalSection
	GlobalSection(SolutionProperties) = preSolution
		HideSolutionNode = FALSE
	EndGlobalSection
	GlobalSection(ExtensibilityGlobals) = postSolution
		SolutionGuid = {7257D408-B289-4545-891B-1A55F82588EE}
	EndGlobalSection
EndGlobal
